{
  "name": "DEEP-FrontEnd",
  "lockfileVersion": 3,
  "requires": true,
  "packages": {
    "": {
      "devDependencies": {
        "@types/styled-components": "^5.1.28"
      }
    },
    "node_modules/@types/hoist-non-react-statics": {
      "version": "3.3.2",
      "resolved": "https://registry.npmjs.org/@types/hoist-non-react-statics/-/hoist-non-react-statics-3.3.2.tgz",
      "integrity": "sha512-YIQtIg4PKr7ZyqNPZObpxfHsHEmuB8dXCxd6qVcGuQVDK2bpsF7bYNnBJ4Nn7giuACZg+WewExgrtAJ3XnA4Xw==",
      "dev": true,
      "dependencies": {
        "@types/react": "*",
        "hoist-non-react-statics": "^3.3.0"
      }
    },
    "node_modules/@types/prop-types": {
      "version": "15.7.8",
      "resolved": "https://registry.npmjs.org/@types/prop-types/-/prop-types-15.7.8.tgz",
      "integrity": "sha512-kMpQpfZKSCBqltAJwskgePRaYRFukDkm1oItcAbC3gNELR20XIBcN9VRgg4+m8DKsTfkWeA4m4Imp4DDuWy7FQ==",
      "dev": true
    },
    "node_modules/@types/react": {
      "version": "18.2.24",
      "resolved": "https://registry.npmjs.org/@types/react/-/react-18.2.24.tgz",
      "integrity": "sha512-Ee0Jt4sbJxMu1iDcetZEIKQr99J1Zfb6D4F3qfUWoR1JpInkY1Wdg4WwCyBjL257D0+jGqSl1twBjV8iCaC0Aw==",
      "dev": true,
      "dependencies": {
        "@types/prop-types": "*",
        "@types/scheduler": "*",
        "csstype": "^3.0.2"
      }
    },
    "node_modules/@types/scheduler": {
      "version": "0.16.4",
      "resolved": "https://registry.npmjs.org/@types/scheduler/-/scheduler-0.16.4.tgz",
      "integrity": "sha512-2L9ifAGl7wmXwP4v3pN4p2FLhD0O1qsJpvKmNin5VA8+UvNVb447UDaAEV6UdrkA+m/Xs58U1RFps44x6TFsVQ==",
      "dev": true
    },
    "node_modules/@types/styled-components": {
      "version": "5.1.28",
      "resolved": "https://registry.npmjs.org/@types/styled-components/-/styled-components-5.1.28.tgz",
      "integrity": "sha512-nu0VKNybkjvUqJAXWtRqKd7j3iRUl8GbYSTvZNuIBJcw/HUp1Y4QUXNLlj7gcnRV/t784JnHAlvRnSnE3nPbJA==",
      "dev": true,
      "dependencies": {
        "@types/hoist-non-react-statics": "*",
        "@types/react": "*",
        "csstype": "^3.0.2"
      }
    },
    "node_modules/csstype": {
      "version": "3.1.2",
      "resolved": "https://registry.npmjs.org/csstype/-/csstype-3.1.2.tgz",
      "integrity": "sha512-I7K1Uu0MBPzaFKg4nI5Q7Vs2t+3gWWW648spaF+Rg7pI9ds18Ugn+lvg4SHczUdKlHI5LWBXyqfS8+DufyBsgQ==",
      "dev": true
    },
    "node_modules/hoist-non-react-statics": {
      "version": "3.3.2",
      "resolved": "https://registry.npmjs.org/hoist-non-react-statics/-/hoist-non-react-statics-3.3.2.tgz",
      "integrity": "sha512-/gGivxi8JPKWNm/W0jSmzcMPpfpPLc3dY/6GxhX2hQ9iGj3aDfklV4ET7NjKpSinLpJ5vafa9iiGIEZg10SfBw==",
      "dev": true,
      "dependencies": {
        "react-is": "^16.7.0"
      }
    },
    "node_modules/react-is": {
      "version": "16.13.1",
      "resolved": "https://registry.npmjs.org/react-is/-/react-is-16.13.1.tgz",
      "integrity": "sha512-24e6ynE2H+OKt4kqsOvNd8kBpV65zoxbA4BVsEOB3ARVWQki/DHzaUoC5KuON/BiccDaCCTZBuOcfZs70kR8bQ==",
      "dev": true
    }
  }
}
